{
  "name": "digilocker",
  "lockfileVersion": 2,
  "requires": true,
  "packages": {
    "": {
      "dependencies": {
        "jquery.js": "^0.0.2-security"
      }
    },
    "node_modules/jquery.js": {
      "version": "0.0.2-security",
      "resolved": "https://registry.npmjs.org/jquery.js/-/jquery.js-0.0.2-security.tgz",
      "integrity": "sha512-ezUV4Jx39k9jyZjKQEkvno0JDSICSixlXEEJP7QlH2g0FS+nPinvunuI2sWHTikXq6fr44JOgEnCAIsfLZufcg=="
    }
  },
  "dependencies": {
    "jquery.js": {
      "version": "0.0.2-security",
      "resolved": "https://registry.npmjs.org/jquery.js/-/jquery.js-0.0.2-security.tgz",
      "integrity": "sha512-ezUV4Jx39k9jyZjKQEkvno0JDSICSixlXEEJP7QlH2g0FS+nPinvunuI2sWHTikXq6fr44JOgEnCAIsfLZufcg=="
    }
  }
}
